{
  "object": {
    "pins": [
      {
        "package": "ActivityIndicatorView",
        "repositoryURL": "https://github.com/JoshHrach/ActivityIndicatorView",
        "state": {
          "branch": "master",
          "revision": "62047fa1dcda50615b7e7a594c4e03019efa645d",
          "version": null
        }
      }
    ]
  },
  "version": 1
}
